// !$*UTF8*$!
{
	archiveVersion = 1;
	classes = {
	};
	objectVersion = 56;
	objects = {

/* Begin PBXBuildFile section */
		A01D5E3A2C41221A007E9836 /* YatApp.swift in Sources */ = {isa = PBXBuildFile; fileRef = A01D5E392C41221A007E9836 /* YatApp.swift */; };
		A01D5E3C2C41221A007E9836 /* MainView.swift in Sources */ = {isa = PBXBuildFile; fileRef = A01D5E3B2C41221A007E9836 /* MainView.swift */; };
		A01D5E402C41221C007E9836 /* Assets.xcassets in Resources */ = {isa = PBXBuildFile; fileRef = A01D5E3F2C41221C007E9836 /* Assets.xcassets */; };
		A01D5E432C41221C007E9836 /* Preview Assets.xcassets in Resources */ = {isa = PBXBuildFile; fileRef = A01D5E422C41221C007E9836 /* Preview Assets.xcassets */; };
		A01D5E4E2C41221C007E9836 /* YatTests.swift in Sources */ = {isa = PBXBuildFile; fileRef = A01D5E4D2C41221C007E9836 /* YatTests.swift */; };
		A01D5E582C41221C007E9836 /* YatUITests.swift in Sources */ = {isa = PBXBuildFile; fileRef = A01D5E572C41221C007E9836 /* YatUITests.swift */; };
		A01D5E5A2C41221C007E9836 /* YatUITestsLaunchTests.swift in Sources */ = {isa = PBXBuildFile; fileRef = A01D5E592C41221C007E9836 /* YatUITestsLaunchTests.swift */; };
		A01D5E6A2C4124A5007E9836 /* SettingView.swift in Sources */ = {isa = PBXBuildFile; fileRef = A01D5E692C4124A5007E9836 /* SettingView.swift */; };
		A01D5E6C2C4124E9007E9836 /* TypingGroupView.swift in Sources */ = {isa = PBXBuildFile; fileRef = A01D5E6B2C4124E9007E9836 /* TypingGroupView.swift */; };
		A01D5E6F2C41251F007E9836 /* ArticleView.swift in Sources */ = {isa = PBXBuildFile; fileRef = A01D5E6E2C41251F007E9836 /* ArticleView.swift */; };
		A01D5E712C41252D007E9836 /* TypingView.swift in Sources */ = {isa = PBXBuildFile; fileRef = A01D5E702C41252D007E9836 /* TypingView.swift */; };
		A01D5E732C4125AB007E9836 /* SpeedometerView.swift in Sources */ = {isa = PBXBuildFile; fileRef = A01D5E722C4125AB007E9836 /* SpeedometerView.swift */; };
		A01D5E752C412B56007E9836 /* Article.swift in Sources */ = {isa = PBXBuildFile; fileRef = A01D5E742C412B56007E9836 /* Article.swift */; };
		A01D5E772C412BB3007E9836 /* Record.swift in Sources */ = {isa = PBXBuildFile; fileRef = A01D5E762C412BB3007E9836 /* Record.swift */; };
		A01D5E7D2C414015007E9836 /* YatNSTextView.swift in Sources */ = {isa = PBXBuildFile; fileRef = A01D5E7C2C414015007E9836 /* YatNSTextView.swift */; };
		A01D5E872C4187A8007E9836 /* ArticleUtil.swift in Sources */ = {isa = PBXBuildFile; fileRef = A01D5E862C4187A8007E9836 /* ArticleUtil.swift */; };
		A0C54E502C43BD8700BB5F9F /* RecordUtil.swift in Sources */ = {isa = PBXBuildFile; fileRef = A0C54E4F2C43BD8700BB5F9F /* RecordUtil.swift */; };
		A0C54E522C43CB9300BB5F9F /* ArticleContainer.swift in Sources */ = {isa = PBXBuildFile; fileRef = A0C54E512C43CB9300BB5F9F /* ArticleContainer.swift */; };
		A0C54E542C43CEF800BB5F9F /* AttributeContainer.swift in Sources */ = {isa = PBXBuildFile; fileRef = A0C54E532C43CEF800BB5F9F /* AttributeContainer.swift */; };
/* End PBXBuildFile section */

/* Begin PBXContainerItemProxy section */
		A01D5E4A2C41221C007E9836 /* PBXContainerItemProxy */ = {
			isa = PBXContainerItemProxy;
			containerPortal = A01D5E2E2C41221A007E9836 /* Project object */;
			proxyType = 1;
			remoteGlobalIDString = A01D5E352C41221A007E9836;
			remoteInfo = Yat;
		};
		A01D5E542C41221C007E9836 /* PBXContainerItemProxy */ = {
			isa = PBXContainerItemProxy;
			containerPortal = A01D5E2E2C41221A007E9836 /* Project object */;
			proxyType = 1;
			remoteGlobalIDString = A01D5E352C41221A007E9836;
			remoteInfo = Yat;
		};
/* End PBXContainerItemProxy section */

/* Begin PBXFileReference section */
		A01D5E362C41221A007E9836 /* Yat.app */ = {isa = PBXFileReference; explicitFileType = wrapper.application; includeInIndex = 0; path = Yat.app; sourceTree = BUILT_PRODUCTS_DIR; };
		A01D5E392C41221A007E9836 /* YatApp.swift */ = {isa = PBXFileReference; lastKnownFileType = sourcecode.swift; path = YatApp.swift; sourceTree = "<group>"; };
		A01D5E3B2C41221A007E9836 /* MainView.swift */ = {isa = PBXFileReference; lastKnownFileType = sourcecode.swift; path = MainView.swift; sourceTree = "<group>"; };
		A01D5E3F2C41221C007E9836 /* Assets.xcassets */ = {isa = PBXFileReference; lastKnownFileType = folder.assetcatalog; path = Assets.xcassets; sourceTree = "<group>"; };
		A01D5E422C41221C007E9836 /* Preview Assets.xcassets */ = {isa = PBXFileReference; lastKnownFileType = folder.assetcatalog; path = "Preview Assets.xcassets"; sourceTree = "<group>"; };
		A01D5E442C41221C007E9836 /* Yat.entitlements */ = {isa = PBXFileReference; lastKnownFileType = text.plist.entitlements; path = Yat.entitlements; sourceTree = "<group>"; };
		A01D5E492C41221C007E9836 /* YatTests.xctest */ = {isa = PBXFileReference; explicitFileType = wrapper.cfbundle; includeInIndex = 0; path = YatTests.xctest; sourceTree = BUILT_PRODUCTS_DIR; };
		A01D5E4D2C41221C007E9836 /* YatTests.swift */ = {isa = PBXFileReference; lastKnownFileType = sourcecode.swift; path = YatTests.swift; sourceTree = "<group>"; };
		A01D5E532C41221C007E9836 /* YatUITests.xctest */ = {isa = PBXFileReference; explicitFileType = wrapper.cfbundle; includeInIndex = 0; path = YatUITests.xctest; sourceTree = BUILT_PRODUCTS_DIR; };
		A01D5E572C41221C007E9836 /* YatUITests.swift */ = {isa = PBXFileReference; lastKnownFileType = sourcecode.swift; path = YatUITests.swift; sourceTree = "<group>"; };
		A01D5E592C41221C007E9836 /* YatUITestsLaunchTests.swift */ = {isa = PBXFileReference; lastKnownFileType = sourcecode.swift; path = YatUITestsLaunchTests.swift; sourceTree = "<group>"; };
		A01D5E692C4124A5007E9836 /* SettingView.swift */ = {isa = PBXFileReference; lastKnownFileType = sourcecode.swift; path = SettingView.swift; sourceTree = "<group>"; };
		A01D5E6B2C4124E9007E9836 /* TypingGroupView.swift */ = {isa = PBXFileReference; lastKnownFileType = sourcecode.swift; path = TypingGroupView.swift; sourceTree = "<group>"; };
		A01D5E6E2C41251F007E9836 /* ArticleView.swift */ = {isa = PBXFileReference; lastKnownFileType = sourcecode.swift; path = ArticleView.swift; sourceTree = "<group>"; };
		A01D5E702C41252D007E9836 /* TypingView.swift */ = {isa = PBXFileReference; lastKnownFileType = sourcecode.swift; path = TypingView.swift; sourceTree = "<group>"; };
		A01D5E722C4125AB007E9836 /* SpeedometerView.swift */ = {isa = PBXFileReference; lastKnownFileType = sourcecode.swift; path = SpeedometerView.swift; sourceTree = "<group>"; };
		A01D5E742C412B56007E9836 /* Article.swift */ = {isa = PBXFileReference; lastKnownFileType = sourcecode.swift; path = Article.swift; sourceTree = "<group>"; };
		A01D5E762C412BB3007E9836 /* Record.swift */ = {isa = PBXFileReference; lastKnownFileType = sourcecode.swift; path = Record.swift; sourceTree = "<group>"; };
		A01D5E7C2C414015007E9836 /* YatNSTextView.swift */ = {isa = PBXFileReference; lastKnownFileType = sourcecode.swift; path = YatNSTextView.swift; sourceTree = "<group>"; };
		A01D5E862C4187A8007E9836 /* ArticleUtil.swift */ = {isa = PBXFileReference; lastKnownFileType = sourcecode.swift; path = ArticleUtil.swift; sourceTree = "<group>"; };
		A0C54E4F2C43BD8700BB5F9F /* RecordUtil.swift */ = {isa = PBXFileReference; lastKnownFileType = sourcecode.swift; path = RecordUtil.swift; sourceTree = "<group>"; };
		A0C54E512C43CB9300BB5F9F /* ArticleContainer.swift */ = {isa = PBXFileReference; lastKnownFileType = sourcecode.swift; path = ArticleContainer.swift; sourceTree = "<group>"; };
		A0C54E532C43CEF800BB5F9F /* AttributeContainer.swift */ = {isa = PBXFileReference; lastKnownFileType = sourcecode.swift; path = AttributeContainer.swift; sourceTree = "<group>"; };
/* End PBXFileReference section */

/* Begin PBXFrameworksBuildPhase section */
		A01D5E332C41221A007E9836 /* Frameworks */ = {
			isa = PBXFrameworksBuildPhase;
			buildActionMask = 2147483647;
			files = (
			);
			runOnlyForDeploymentPostprocessing = 0;
		};
		A01D5E462C41221C007E9836 /* Frameworks */ = {
			isa = PBXFrameworksBuildPhase;
			buildActionMask = 2147483647;
			files = (
			);
			runOnlyForDeploymentPostprocessing = 0;
		};
		A01D5E502C41221C007E9836 /* Frameworks */ = {
			isa = PBXFrameworksBuildPhase;
			buildActionMask = 2147483647;
			files = (
			);
			runOnlyForDeploymentPostprocessing = 0;
		};
/* End PBXFrameworksBuildPhase section */

/* Begin PBXGroup section */
		A01D5E2D2C41221A007E9836 = {
			isa = PBXGroup;
			children = (
				A01D5E382C41221A007E9836 /* Yat */,
				A01D5E4C2C41221C007E9836 /* YatTests */,
				A01D5E562C41221C007E9836 /* YatUITests */,
				A01D5E372C41221A007E9836 /* Products */,
			);
			sourceTree = "<group>";
		};
		A01D5E372C41221A007E9836 /* Products */ = {
			isa = PBXGroup;
			children = (
				A01D5E362C41221A007E9836 /* Yat.app */,
				A01D5E492C41221C007E9836 /* YatTests.xctest */,
				A01D5E532C41221C007E9836 /* YatUITests.xctest */,
			);
			name = Products;
			sourceTree = "<group>";
		};
		A01D5E382C41221A007E9836 /* Yat */ = {
			isa = PBXGroup;
			children = (
				A01D5E802C414B1D007E9836 /* misc */,
				A01D5E682C412493007E9836 /* util */,
				A01D5E672C41248A007E9836 /* model */,
				A01D5E662C412484007E9836 /* view */,
				A01D5E392C41221A007E9836 /* YatApp.swift */,
				A01D5E3F2C41221C007E9836 /* Assets.xcassets */,
				A01D5E442C41221C007E9836 /* Yat.entitlements */,
				A01D5E412C41221C007E9836 /* Preview Content */,
			);
			path = Yat;
			sourceTree = "<group>";
		};
		A01D5E412C41221C007E9836 /* Preview Content */ = {
			isa = PBXGroup;
			children = (
				A01D5E422C41221C007E9836 /* Preview Assets.xcassets */,
			);
			path = "Preview Content";
			sourceTree = "<group>";
		};
		A01D5E4C2C41221C007E9836 /* YatTests */ = {
			isa = PBXGroup;
			children = (
				A01D5E4D2C41221C007E9836 /* YatTests.swift */,
			);
			path = YatTests;
			sourceTree = "<group>";
		};
		A01D5E562C41221C007E9836 /* YatUITests */ = {
			isa = PBXGroup;
			children = (
				A01D5E572C41221C007E9836 /* YatUITests.swift */,
				A01D5E592C41221C007E9836 /* YatUITestsLaunchTests.swift */,
			);
			path = YatUITests;
			sourceTree = "<group>";
		};
		A01D5E662C412484007E9836 /* view */ = {
			isa = PBXGroup;
			children = (
				A01D5E6D2C4124F0007E9836 /* typing */,
				A01D5E3B2C41221A007E9836 /* MainView.swift */,
				A01D5E692C4124A5007E9836 /* SettingView.swift */,
			);
			path = view;
			sourceTree = "<group>";
		};
		A01D5E672C41248A007E9836 /* model */ = {
			isa = PBXGroup;
			children = (
				A01D5E742C412B56007E9836 /* Article.swift */,
				A01D5E762C412BB3007E9836 /* Record.swift */,
				A0C54E512C43CB9300BB5F9F /* ArticleContainer.swift */,
				A0C54E532C43CEF800BB5F9F /* AttributeContainer.swift */,
			);
			path = model;
			sourceTree = "<group>";
		};
		A01D5E682C412493007E9836 /* util */ = {
			isa = PBXGroup;
			children = (
				A01D5E862C4187A8007E9836 /* ArticleUtil.swift */,
				A0C54E4F2C43BD8700BB5F9F /* RecordUtil.swift */,
			);
			path = util;
			sourceTree = "<group>";
		};
		A01D5E6D2C4124F0007E9836 /* typing */ = {
			isa = PBXGroup;
			children = (
				A01D5E6B2C4124E9007E9836 /* TypingGroupView.swift */,
				A01D5E6E2C41251F007E9836 /* ArticleView.swift */,
				A01D5E702C41252D007E9836 /* TypingView.swift */,
				A01D5E722C4125AB007E9836 /* SpeedometerView.swift */,
				A01D5E7C2C414015007E9836 /* YatNSTextView.swift */,
			);
			path = typing;
			sourceTree = "<group>";
		};
		A01D5E802C414B1D007E9836 /* misc */ = {
			isa = PBXGroup;
			children = (
			);
			path = misc;
			sourceTree = "<group>";
		};
/* End PBXGroup section */

/* Begin PBXNativeTarget section */
		A01D5E352C41221A007E9836 /* Yat */ = {
			isa = PBXNativeTarget;
			buildConfigurationList = A01D5E5D2C41221C007E9836 /* Build configuration list for PBXNativeTarget "Yat" */;
			buildPhases = (
				A01D5E322C41221A007E9836 /* Sources */,
				A01D5E332C41221A007E9836 /* Frameworks */,
				A01D5E342C41221A007E9836 /* Resources */,
			);
			buildRules = (
			);
			dependencies = (
			);
			name = Yat;
			productName = Yat;
			productReference = A01D5E362C41221A007E9836 /* Yat.app */;
			productType = "com.apple.product-type.application";
		};
		A01D5E482C41221C007E9836 /* YatTests */ = {
			isa = PBXNativeTarget;
			buildConfigurationList = A01D5E602C41221C007E9836 /* Build configuration list for PBXNativeTarget "YatTests" */;
			buildPhases = (
				A01D5E452C41221C007E9836 /* Sources */,
				A01D5E462C41221C007E9836 /* Frameworks */,
				A01D5E472C41221C007E9836 /* Resources */,
			);
			buildRules = (
			);
			dependencies = (
				A01D5E4B2C41221C007E9836 /* PBXTargetDependency */,
			);
			name = YatTests;
			productName = YatTests;
			productReference = A01D5E492C41221C007E9836 /* YatTests.xctest */;
			productType = "com.apple.product-type.bundle.unit-test";
		};
		A01D5E522C41221C007E9836 /* YatUITests */ = {
			isa = PBXNativeTarget;
			buildConfigurationList = A01D5E632C41221C007E9836 /* Build configuration list for PBXNativeTarget "YatUITests" */;
			buildPhases = (
				A01D5E4F2C41221C007E9836 /* Sources */,
				A01D5E502C41221C007E9836 /* Frameworks */,
				A01D5E512C41221C007E9836 /* Resources */,
			);
			buildRules = (
			);
			dependencies = (
				A01D5E552C41221C007E9836 /* PBXTargetDependency */,
			);
			name = YatUITests;
			productName = YatUITests;
			productReference = A01D5E532C41221C007E9836 /* YatUITests.xctest */;
			productType = "com.apple.product-type.bundle.ui-testing";
		};
/* End PBXNativeTarget section */

/* Begin PBXProject section */
		A01D5E2E2C41221A007E9836 /* Project object */ = {
			isa = PBXProject;
			attributes = {
				BuildIndependentTargetsInParallel = 1;
				LastSwiftUpdateCheck = 1540;
				LastUpgradeCheck = 1540;
				TargetAttributes = {
					A01D5E352C41221A007E9836 = {
						CreatedOnToolsVersion = 15.4;
					};
					A01D5E482C41221C007E9836 = {
						CreatedOnToolsVersion = 15.4;
						TestTargetID = A01D5E352C41221A007E9836;
					};
					A01D5E522C41221C007E9836 = {
						CreatedOnToolsVersion = 15.4;
						TestTargetID = A01D5E352C41221A007E9836;
					};
				};
			};
			buildConfigurationList = A01D5E312C41221A007E9836 /* Build configuration list for PBXProject "Yat" */;
			compatibilityVersion = "Xcode 14.0";
			developmentRegion = en;
			hasScannedForEncodings = 0;
			knownRegions = (
				en,
				Base,
			);
			mainGroup = A01D5E2D2C41221A007E9836;
			productRefGroup = A01D5E372C41221A007E9836 /* Products */;
			projectDirPath = "";
			projectRoot = "";
			targets = (
				A01D5E352C41221A007E9836 /* Yat */,
				A01D5E482C41221C007E9836 /* YatTests */,
				A01D5E522C41221C007E9836 /* YatUITests */,
			);
		};
/* End PBXProject section */

/* Begin PBXResourcesBuildPhase section */
		A01D5E342C41221A007E9836 /* Resources */ = {
			isa = PBXResourcesBuildPhase;
			buildActionMask = 2147483647;
			files = (
				A01D5E432C41221C007E9836 /* Preview Assets.xcassets in Resources */,
				A01D5E402C41221C007E9836 /* Assets.xcassets in Resources */,
			);
			runOnlyForDeploymentPostprocessing = 0;
		};
		A01D5E472C41221C007E9836 /* Resources */ = {
			isa = PBXResourcesBuildPhase;
			buildActionMask = 2147483647;
			files = (
			);
			runOnlyForDeploymentPostprocessing = 0;
		};
		A01D5E512C41221C007E9836 /* Resources */ = {
			isa = PBXResourcesBuildPhase;
			buildActionMask = 2147483647;
			files = (
			);
			runOnlyForDeploymentPostprocessing = 0;
		};
/* End PBXResourcesBuildPhase section */

/* Begin PBXSourcesBuildPhase section */
		A01D5E322C41221A007E9836 /* Sources */ = {
			isa = PBXSourcesBuildPhase;
			buildActionMask = 2147483647;
			files = (
				A0C54E502C43BD8700BB5F9F /* RecordUtil.swift in Sources */,
				A01D5E6A2C4124A5007E9836 /* SettingView.swift in Sources */,
				A01D5E3C2C41221A007E9836 /* MainView.swift in Sources */,
				A01D5E772C412BB3007E9836 /* Record.swift in Sources */,
				A01D5E6F2C41251F007E9836 /* ArticleView.swift in Sources */,
				A01D5E732C4125AB007E9836 /* SpeedometerView.swift in Sources */,
				A01D5E872C4187A8007E9836 /* ArticleUtil.swift in Sources */,
				A01D5E752C412B56007E9836 /* Article.swift in Sources */,
				A01D5E3A2C41221A007E9836 /* YatApp.swift in Sources */,
				A01D5E7D2C414015007E9836 /* YatNSTextView.swift in Sources */,
				A01D5E6C2C4124E9007E9836 /* TypingGroupView.swift in Sources */,
				A0C54E522C43CB9300BB5F9F /* ArticleContainer.swift in Sources */,
				A01D5E712C41252D007E9836 /* TypingView.swift in Sources */,
				A0C54E542C43CEF800BB5F9F /* AttributeContainer.swift in Sources */,
			);
			runOnlyForDeploymentPostprocessing = 0;
		};
		A01D5E452C41221C007E9836 /* Sources */ = {
			isa = PBXSourcesBuildPhase;
			buildActionMask = 2147483647;
			files = (
				A01D5E4E2C41221C007E9836 /* YatTests.swift in Sources */,
			);
			runOnlyForDeploymentPostprocessing = 0;
		};
		A01D5E4F2C41221C007E9836 /* Sources */ = {
			isa = PBXSourcesBuildPhase;
			buildActionMask = 2147483647;
			files = (
				A01D5E582C41221C007E9836 /* YatUITests.swift in Sources */,
				A01D5E5A2C41221C007E9836 /* YatUITestsLaunchTests.swift in Sources */,
			);
			runOnlyForDeploymentPostprocessing = 0;
		};
/* End PBXSourcesBuildPhase section */

/* Begin PBXTargetDependency section */
		A01D5E4B2C41221C007E9836 /* PBXTargetDependency */ = {
			isa = PBXTargetDependency;
			target = A01D5E352C41221A007E9836 /* Yat */;
			targetProxy = A01D5E4A2C41221C007E9836 /* PBXContainerItemProxy */;
		};
		A01D5E552C41221C007E9836 /* PBXTargetDependency */ = {
			isa = PBXTargetDependency;
			target = A01D5E352C41221A007E9836 /* Yat */;
			targetProxy = A01D5E542C41221C007E9836 /* PBXContainerItemProxy */;
		};
/* End PBXTargetDependency section */

/* Begin XCBuildConfiguration section */
		A01D5E5B2C41221C007E9836 /* Debug */ = {
			isa = XCBuildConfiguration;
			buildSettings = {
				ALWAYS_SEARCH_USER_PATHS = NO;
				ASSETCATALOG_COMPILER_GENERATE_SWIFT_ASSET_SYMBOL_EXTENSIONS = YES;
				CLANG_ANALYZER_NONNULL = YES;
				CLANG_ANALYZER_NUMBER_OBJECT_CONVERSION = YES_AGGRESSIVE;
				CLANG_CXX_LANGUAGE_STANDARD = "gnu++20";
				CLANG_ENABLE_MODULES = YES;
				CLANG_ENABLE_OBJC_ARC = YES;
				CLANG_ENABLE_OBJC_WEAK = YES;
				CLANG_WARN_BLOCK_CAPTURE_AUTORELEASING = YES;
				CLANG_WARN_BOOL_CONVERSION = YES;
				CLANG_WARN_COMMA = YES;
				CLANG_WARN_CONSTANT_CONVERSION = YES;
				CLANG_WARN_DEPRECATED_OBJC_IMPLEMENTATIONS = YES;
				CLANG_WARN_DIRECT_OBJC_ISA_USAGE = YES_ERROR;
				CLANG_WARN_DOCUMENTATION_COMMENTS = YES;
				CLANG_WARN_EMPTY_BODY = YES;
				CLANG_WARN_ENUM_CONVERSION = YES;
				CLANG_WARN_INFINITE_RECURSION = YES;
				CLANG_WARN_INT_CONVERSION = YES;
				CLANG_WARN_NON_LITERAL_NULL_CONVERSION = YES;
				CLANG_WARN_OBJC_IMPLICIT_RETAIN_SELF = YES;
				CLANG_WARN_OBJC_LITERAL_CONVERSION = YES;
				CLANG_WARN_OBJC_ROOT_CLASS = YES_ERROR;
				CLANG_WARN_QUOTED_INCLUDE_IN_FRAMEWORK_HEADER = YES;
				CLANG_WARN_RANGE_LOOP_ANALYSIS = YES;
				CLANG_WARN_STRICT_PROTOTYPES = YES;
				CLANG_WARN_SUSPICIOUS_MOVE = YES;
				CLANG_WARN_UNGUARDED_AVAILABILITY = YES_AGGRESSIVE;
				CLANG_WARN_UNREACHABLE_CODE = YES;
				CLANG_WARN__DUPLICATE_METHOD_MATCH = YES;
				COPY_PHASE_STRIP = NO;
				DEBUG_INFORMATION_FORMAT = dwarf;
				ENABLE_STRICT_OBJC_MSGSEND = YES;
				ENABLE_TESTABILITY = YES;
				ENABLE_USER_SCRIPT_SANDBOXING = YES;
				GCC_C_LANGUAGE_STANDARD = gnu17;
				GCC_DYNAMIC_NO_PIC = NO;
				GCC_NO_COMMON_BLOCKS = YES;
				GCC_OPTIMIZATION_LEVEL = 0;
				GCC_PREPROCESSOR_DEFINITIONS = (
					"DEBUG=1",
					"$(inherited)",
				);
				GCC_WARN_64_TO_32_BIT_CONVERSION = YES;
				GCC_WARN_ABOUT_RETURN_TYPE = YES_ERROR;
				GCC_WARN_UNDECLARED_SELECTOR = YES;
				GCC_WARN_UNINITIALIZED_AUTOS = YES_AGGRESSIVE;
				GCC_WARN_UNUSED_FUNCTION = YES;
				GCC_WARN_UNUSED_VARIABLE = YES;
				LOCALIZATION_PREFERS_STRING_CATALOGS = YES;
				MACOSX_DEPLOYMENT_TARGET = 14.5;
				MTL_ENABLE_DEBUG_INFO = INCLUDE_SOURCE;
				MTL_FAST_MATH = YES;
				ONLY_ACTIVE_ARCH = YES;
				SDKROOT = macosx;
				SWIFT_ACTIVE_COMPILATION_CONDITIONS = "DEBUG $(inherited)";
				SWIFT_OPTIMIZATION_LEVEL = "-Onone";
			};
			name = Debug;
		};
		A01D5E5C2C41221C007E9836 /* Release */ = {
			isa = XCBuildConfiguration;
			buildSettings = {
				ALWAYS_SEARCH_USER_PATHS = NO;
				ASSETCATALOG_COMPILER_GENERATE_SWIFT_ASSET_SYMBOL_EXTENSIONS = YES;
				CLANG_ANALYZER_NONNULL = YES;
				CLANG_ANALYZER_NUMBER_OBJECT_CONVERSION = YES_AGGRESSIVE;
				CLANG_CXX_LANGUAGE_STANDARD = "gnu++20";
				CLANG_ENABLE_MODULES = YES;
				CLANG_ENABLE_OBJC_ARC = YES;
				CLANG_ENABLE_OBJC_WEAK = YES;
				CLANG_WARN_BLOCK_CAPTURE_AUTORELEASING = YES;
				CLANG_WARN_BOOL_CONVERSION = YES;
				CLANG_WARN_COMMA = YES;
				CLANG_WARN_CONSTANT_CONVERSION = YES;
				CLANG_WARN_DEPRECATED_OBJC_IMPLEMENTATIONS = YES;
				CLANG_WARN_DIRECT_OBJC_ISA_USAGE = YES_ERROR;
				CLANG_WARN_DOCUMENTATION_COMMENTS = YES;
				CLANG_WARN_EMPTY_BODY = YES;
				CLANG_WARN_ENUM_CONVERSION = YES;
				CLANG_WARN_INFINITE_RECURSION = YES;
				CLANG_WARN_INT_CONVERSION = YES;
				CLANG_WARN_NON_LITERAL_NULL_CONVERSION = YES;
				CLANG_WARN_OBJC_IMPLICIT_RETAIN_SELF = YES;
				CLANG_WARN_OBJC_LITERAL_CONVERSION = YES;
				CLANG_WARN_OBJC_ROOT_CLASS = YES_ERROR;
				CLANG_WARN_QUOTED_INCLUDE_IN_FRAMEWORK_HEADER = YES;
				CLANG_WARN_RANGE_LOOP_ANALYSIS = YES;
				CLANG_WARN_STRICT_PROTOTYPES = YES;
				CLANG_WARN_SUSPICIOUS_MOVE = YES;
				CLANG_WARN_UNGUARDED_AVAILABILITY = YES_AGGRESSIVE;
				CLANG_WARN_UNREACHABLE_CODE = YES;
				CLANG_WARN__DUPLICATE_METHOD_MATCH = YES;
				COPY_PHASE_STRIP = NO;
				DEBUG_INFORMATION_FORMAT = "dwarf-with-dsym";
				ENABLE_NS_ASSERTIONS = NO;
				ENABLE_STRICT_OBJC_MSGSEND = YES;
				ENABLE_USER_SCRIPT_SANDBOXING = YES;
				GCC_C_LANGUAGE_STANDARD = gnu17;
				GCC_NO_COMMON_BLOCKS = YES;
				GCC_WARN_64_TO_32_BIT_CONVERSION = YES;
				GCC_WARN_ABOUT_RETURN_TYPE = YES_ERROR;
				GCC_WARN_UNDECLARED_SELECTOR = YES;
				GCC_WARN_UNINITIALIZED_AUTOS = YES_AGGRESSIVE;
				GCC_WARN_UNUSED_FUNCTION = YES;
				GCC_WARN_UNUSED_VARIABLE = YES;
				LOCALIZATION_PREFERS_STRING_CATALOGS = YES;
				MACOSX_DEPLOYMENT_TARGET = 14.5;
				MTL_ENABLE_DEBUG_INFO = NO;
				MTL_FAST_MATH = YES;
				SDKROOT = macosx;
				SWIFT_COMPILATION_MODE = wholemodule;
			};
			name = Release;
		};
		A01D5E5E2C41221C007E9836 /* Debug */ = {
			isa = XCBuildConfiguration;
			buildSettings = {
				ASSETCATALOG_COMPILER_APPICON_NAME = AppIcon;
				ASSETCATALOG_COMPILER_GLOBAL_ACCENT_COLOR_NAME = AccentColor;
				CODE_SIGN_ENTITLEMENTS = Yat/Yat.entitlements;
				CODE_SIGN_STYLE = Automatic;
				COMBINE_HIDPI_IMAGES = YES;
				CURRENT_PROJECT_VERSION = 1;
				DEVELOPMENT_ASSET_PATHS = "\"Yat/Preview Content\"";
				ENABLE_PREVIEWS = YES;
				GENERATE_INFOPLIST_FILE = YES;
				INFOPLIST_KEY_CFBundleDisplayName = "鸺鹠";
				INFOPLIST_KEY_NSHumanReadableCopyright = "";
				LD_RUNPATH_SEARCH_PATHS = (
					"$(inherited)",
					"@executable_path/../Frameworks",
				);
				MACOSX_DEPLOYMENT_TARGET = 14.0;
				MARKETING_VERSION = 1.0;
				PRODUCT_BUNDLE_IDENTIFIER = com.pfeiwu.Yat;
				PRODUCT_NAME = "$(TARGET_NAME)";
				SWIFT_EMIT_LOC_STRINGS = YES;
				SWIFT_VERSION = 5.0;
			};
			name = Debug;
		};
		A01D5E5F2C41221C007E9836 /* Release */ = {
			isa = XCBuildConfiguration;
			buildSettings = {
				ASSETCATALOG_COMPILER_APPICON_NAME = AppIcon;
				ASSETCATALOG_COMPILER_GLOBAL_ACCENT_COLOR_NAME = AccentColor;
				CODE_SIGN_ENTITLEMENTS = Yat/Yat.entitlements;
				CODE_SIGN_STYLE = Automatic;
				COMBINE_HIDPI_IMAGES = YES;
				CURRENT_PROJECT_VERSION = 1;
				DEVELOPMENT_ASSET_PATHS = "\"Yat/Preview Content\"";
				ENABLE_PREVIEWS = YES;
				GENERATE_INFOPLIST_FILE = YES;
				INFOPLIST_KEY_CFBundleDisplayName = "鸺鹠";
				INFOPLIST_KEY_NSHumanReadableCopyright = "";
				LD_RUNPATH_SEARCH_PATHS = (
					"$(inherited)",
					"@executable_path/../Frameworks",
				);
				MACOSX_DEPLOYMENT_TARGET = 14.0;
				MARKETING_VERSION = 1.0;
				PRODUCT_BUNDLE_IDENTIFIER = com.pfeiwu.Yat;
				PRODUCT_NAME = "$(TARGET_NAME)";
				SWIFT_EMIT_LOC_STRINGS = YES;
				SWIFT_VERSION = 5.0;
			};
			name = Release;
		};
		A01D5E612C41221C007E9836 /* Debug */ = {
			isa = XCBuildConfiguration;
			buildSettings = {
				ALWAYS_EMBED_SWIFT_STANDARD_LIBRARIES = YES;
				BUNDLE_LOADER = "$(TEST_HOST)";
				CODE_SIGN_STYLE = Automatic;
				CURRENT_PROJECT_VERSION = 1;
				GENERATE_INFOPLIST_FILE = YES;
				MACOSX_DEPLOYMENT_TARGET = "$(RECOMMENDED_MACOSX_DEPLOYMENT_TARGET)";
				MARKETING_VERSION = 1.0;
				PRODUCT_BUNDLE_IDENTIFIER = com.pfeiwu.YatTests;
				PRODUCT_NAME = "$(TARGET_NAME)";
				SWIFT_EMIT_LOC_STRINGS = NO;
				SWIFT_VERSION = 5.0;
				TEST_HOST = "$(BUILT_PRODUCTS_DIR)/Yat.app/$(BUNDLE_EXECUTABLE_FOLDER_PATH)/Yat";
			};
			name = Debug;
		};
		A01D5E622C41221C007E9836 /* Release */ = {
			isa = XCBuildConfiguration;
			buildSettings = {
				ALWAYS_EMBED_SWIFT_STANDARD_LIBRARIES = YES;
				BUNDLE_LOADER = "$(TEST_HOST)";
				CODE_SIGN_STYLE = Automatic;
				CURRENT_PROJECT_VERSION = 1;
				GENERATE_INFOPLIST_FILE = YES;
				MACOSX_DEPLOYMENT_TARGET = "$(RECOMMENDED_MACOSX_DEPLOYMENT_TARGET)";
				MARKETING_VERSION = 1.0;
				PRODUCT_BUNDLE_IDENTIFIER = com.pfeiwu.YatTests;
				PRODUCT_NAME = "$(TARGET_NAME)";
				SWIFT_EMIT_LOC_STRINGS = NO;
				SWIFT_VERSION = 5.0;
				TEST_HOST = "$(BUILT_PRODUCTS_DIR)/Yat.app/$(BUNDLE_EXECUTABLE_FOLDER_PATH)/Yat";
			};
			name = Release;
		};
		A01D5E642C41221C007E9836 /* Debug */ = {
			isa = XCBuildConfiguration;
			buildSettings = {
				ALWAYS_EMBED_SWIFT_STANDARD_LIBRARIES = YES;
				CODE_SIGN_STYLE = Automatic;
				CURRENT_PROJECT_VERSION = 1;
				GENERATE_INFOPLIST_FILE = YES;
				MARKETING_VERSION = 1.0;
				PRODUCT_BUNDLE_IDENTIFIER = com.pfeiwu.YatUITests;
				PRODUCT_NAME = "$(TARGET_NAME)";
				SWIFT_EMIT_LOC_STRINGS = NO;
				SWIFT_VERSION = 5.0;
				TEST_TARGET_NAME = Yat;
			};
			name = Debug;
		};
		A01D5E652C41221C007E9836 /* Release */ = {
			isa = XCBuildConfiguration;
			buildSettings = {
				ALWAYS_EMBED_SWIFT_STANDARD_LIBRARIES = YES;
				CODE_SIGN_STYLE = Automatic;
				CURRENT_PROJECT_VERSION = 1;
				GENERATE_INFOPLIST_FILE = YES;
				MARKETING_VERSION = 1.0;
				PRODUCT_BUNDLE_IDENTIFIER = com.pfeiwu.YatUITests;
				PRODUCT_NAME = "$(TARGET_NAME)";
				SWIFT_EMIT_LOC_STRINGS = NO;
				SWIFT_VERSION = 5.0;
				TEST_TARGET_NAME = Yat;
			};
			name = Release;
		};
/* End XCBuildConfiguration section */

/* Begin XCConfigurationList section */
		A01D5E312C41221A007E9836 /* Build configuration list for PBXProject "Yat" */ = {
			isa = XCConfigurationList;
			buildConfigurations = (
				A01D5E5B2C41221C007E9836 /* Debug */,
				A01D5E5C2C41221C007E9836 /* Release */,
			);
			defaultConfigurationIsVisible = 0;
			defaultConfigurationName = Release;
		};
		A01D5E5D2C41221C007E9836 /* Build configuration list for PBXNativeTarget "Yat" */ = {
			isa = XCConfigurationList;
			buildConfigurations = (
				A01D5E5E2C41221C007E9836 /* Debug */,
				A01D5E5F2C41221C007E9836 /* Release */,
			);
			defaultConfigurationIsVisible = 0;
			defaultConfigurationName = Release;
		};
		A01D5E602C41221C007E9836 /* Build configuration list for PBXNativeTarget "YatTests" */ = {
			isa = XCConfigurationList;
			buildConfigurations = (
				A01D5E612C41221C007E9836 /* Debug */,
				A01D5E622C41221C007E9836 /* Release */,
			);
			defaultConfigurationIsVisible = 0;
			defaultConfigurationName = Release;
		};
		A01D5E632C41221C007E9836 /* Build configuration list for PBXNativeTarget "YatUITests" */ = {
			isa = XCConfigurationList;
			buildConfigurations = (
				A01D5E642C41221C007E9836 /* Debug */,
				A01D5E652C41221C007E9836 /* Release */,
			);
			defaultConfigurationIsVisible = 0;
			defaultConfigurationName = Release;
		};
/* End XCConfigurationList section */
	};
	rootObject = A01D5E2E2C41221A007E9836 /* Project object */;
}
